
Microsoft Visual Studio Solution File, Format Version 12.00
# Visual Studio Version 17
VisualStudioVersion = 17.0.31903.59
MinimumVisualStudioVersion = 10.0.40219.1
Project("{FAE04EC0-301F-11D3-BF4B-00C04F79EFBC}") = "LingoPartnerApi", "LingoPartnerApi\LingoPartnerApi.csproj", "{0FE7250F-3226-4287-B55D-D973C8DF3FD1}"
EndProject
Project("{FAE04EC0-301F-11D3-BF4B-00C04F79EFBC}") = "LingoPartnerConsole", "LingoPartnerConsole\LingoPartnerConsole.csproj", "{793380A0-1918-4161-877B-7C08399164CC}"
EndProject
Project("{FAE04EC0-301F-11D3-BF4B-00C04F79EFBC}") = "LingoPartnerDomain", "LingoPartnerDomain\LingoPartnerDomain.csproj", "{23DD6583-865D-44E0-80F7-8D42F052A96F}"
EndProject
Global
	GlobalSection(SolutionConfigurationPlatforms) = preSolution
		Debug|Any CPU = Debug|Any CPU
		Release|Any CPU = Release|Any CPU
	EndGlobalSection
	GlobalSection(SolutionProperties) = preSolution
		HideSolutionNode = FALSE
	EndGlobalSection
	GlobalSection(ProjectConfigurationPlatforms) = postSolution
		{0FE7250F-3226-4287-B55D-D973C8DF3FD1}.Debug|Any CPU.ActiveCfg = Debug|Any CPU
		{0FE7250F-3226-4287-B55D-D973C8DF3FD1}.Debug|Any CPU.Build.0 = Debug|Any CPU
		{0FE7250F-3226-4287-B55D-D973C8DF3FD1}.Release|Any CPU.ActiveCfg = Release|Any CPU
		{0FE7250F-3226-4287-B55D-D973C8DF3FD1}.Release|Any CPU.Build.0 = Release|Any CPU
		{793380A0-1918-4161-877B-7C08399164CC}.Debug|Any CPU.ActiveCfg = Debug|Any CPU
		{793380A0-1918-4161-877B-7C08399164CC}.Debug|Any CPU.Build.0 = Debug|Any CPU
		{793380A0-1918-4161-877B-7C08399164CC}.Release|Any CPU.ActiveCfg = Release|Any CPU
		{793380A0-1918-4161-877B-7C08399164CC}.Release|Any CPU.Build.0 = Release|Any CPU
		{23DD6583-865D-44E0-80F7-8D42F052A96F}.Debug|Any CPU.ActiveCfg = Debug|Any CPU
		{23DD6583-865D-44E0-80F7-8D42F052A96F}.Debug|Any CPU.Build.0 = Debug|Any CPU
		{23DD6583-865D-44E0-80F7-8D42F052A96F}.Release|Any CPU.ActiveCfg = Release|Any CPU
		{23DD6583-865D-44E0-80F7-8D42F052A96F}.Release|Any CPU.Build.0 = Release|Any CPU
	EndGlobalSection
EndGlobal
